
Microsoft Visual Studio Solution File, Format Version 12.00
# Visual Studio Version 17
VisualStudioVersion = 17.3.32922.545
MinimumVisualStudioVersion = 10.0.40219.1
Project("{FAE04EC0-301F-11D3-BF4B-00C04F79EFBC}") = "CountryInfoService", "CountryInfoService\CountryInfoService.csproj", "{74B9C476-B7C5-4012-8A38-4ED1D7DEF514}"
EndProject
Global
	GlobalSection(SolutionConfigurationPlatforms) = preSolution
		Debug|Any CPU = Debug|Any CPU
		Release|Any CPU = Release|Any CPU
	EndGlobalSection
	GlobalSection(ProjectConfigurationPlatforms) = postSolution
		{74B9C476-B7C5-4012-8A38-4ED1D7DEF514}.Debug|Any CPU.ActiveCfg = Debug|Any CPU
		{74B9C476-B7C5-4012-8A38-4ED1D7DEF514}.Debug|Any CPU.Build.0 = Debug|Any CPU
		{74B9C476-B7C5-4012-8A38-4ED1D7DEF514}.Release|Any CPU.ActiveCfg = Release|Any CPU
		{74B9C476-B7C5-4012-8A38-4ED1D7DEF514}.Release|Any CPU.Build.0 = Release|Any CPU
	EndGlobalSection
	GlobalSection(SolutionProperties) = preSolution
		HideSolutionNode = FALSE
	EndGlobalSection
	GlobalSection(ExtensibilityGlobals) = postSolution
		SolutionGuid = {F70EEAC1-229E-4C8C-98DB-E45CC8AF5775}
	EndGlobalSection
EndGlobal
